
Microsoft Visual Studio Solution File, Format Version 12.00
# Visual Studio Version 16
VisualStudioVersion = 16.0.31321.278
MinimumVisualStudioVersion = 10.0.40219.1
Project("{FAE04EC0-301F-11D3-BF4B-00C04F79EFBC}") = "Microservice.NET.Core", "Microservice.NET.Core.csproj", "{01B768C8-7D68-4F03-B0D4-25284176A81E}"
EndProject
Global
	GlobalSection(SolutionConfigurationPlatforms) = preSolution
		Debug|Any CPU = Debug|Any CPU
		Release|Any CPU = Release|Any CPU
	EndGlobalSection
	GlobalSection(ProjectConfigurationPlatforms) = postSolution
		{01B768C8-7D68-4F03-B0D4-25284176A81E}.Debug|Any CPU.ActiveCfg = Debug|Any CPU
		{01B768C8-7D68-4F03-B0D4-25284176A81E}.Debug|Any CPU.Build.0 = Debug|Any CPU
		{01B768C8-7D68-4F03-B0D4-25284176A81E}.Release|Any CPU.ActiveCfg = Release|Any CPU
		{01B768C8-7D68-4F03-B0D4-25284176A81E}.Release|Any CPU.Build.0 = Release|Any CPU
	EndGlobalSection
	GlobalSection(SolutionProperties) = preSolution
		HideSolutionNode = FALSE
	EndGlobalSection
	GlobalSection(ExtensibilityGlobals) = postSolution
		SolutionGuid = {B15D15A1-E4FB-42D4-A252-2CAAFE8A05ED}
	EndGlobalSection
EndGlobal
